
Microsoft Visual Studio Solution File, Format Version 12.00
# Visual Studio Version 17
VisualStudioVersion = 17.13.35913.81 d17.13
MinimumVisualStudioVersion = 10.0.40219.1
Project("{FAE04EC0-301F-11D3-BF4B-00C04F79EFBC}") = "SenacFoods", "SenacFoods\SenacFoods.csproj", "{466CE02F-99CC-4F4B-BCBA-F45A5E61AA8B}"
EndProject
Global
	GlobalSection(SolutionConfigurationPlatforms) = preSolution
		Debug|Any CPU = Debug|Any CPU
		Release|Any CPU = Release|Any CPU
	EndGlobalSection
	GlobalSection(ProjectConfigurationPlatforms) = postSolution
		{466CE02F-99CC-4F4B-BCBA-F45A5E61AA8B}.Debug|Any CPU.ActiveCfg = Debug|Any CPU
		{466CE02F-99CC-4F4B-BCBA-F45A5E61AA8B}.Debug|Any CPU.Build.0 = Debug|Any CPU
		{466CE02F-99CC-4F4B-BCBA-F45A5E61AA8B}.Release|Any CPU.ActiveCfg = Release|Any CPU
		{466CE02F-99CC-4F4B-BCBA-F45A5E61AA8B}.Release|Any CPU.Build.0 = Release|Any CPU
	EndGlobalSection
	GlobalSection(SolutionProperties) = preSolution
		HideSolutionNode = FALSE
	EndGlobalSection
	GlobalSection(ExtensibilityGlobals) = postSolution
		SolutionGuid = {C9485C9C-9D95-412F-B222-1F36A27F94DA}
	EndGlobalSection
EndGlobal
